
Microsoft Visual Studio Solution File, Format Version 12.00
# Visual Studio Version 16
VisualStudioVersion = 16.0.29230.47
MinimumVisualStudioVersion = 10.0.40219.1
Project("{FAE04EC0-301F-11D3-BF4B-00C04F79EFBC}") = "laba_17", "laba_17\laba_17.csproj", "{6A6152B8-9F55-42CE-8EFA-3E3C6CA41AE7}"
EndProject
Global
	GlobalSection(SolutionConfigurationPlatforms) = preSolution
		Debug|Any CPU = Debug|Any CPU
		Release|Any CPU = Release|Any CPU
	EndGlobalSection
	GlobalSection(ProjectConfigurationPlatforms) = postSolution
		{6A6152B8-9F55-42CE-8EFA-3E3C6CA41AE7}.Debug|Any CPU.ActiveCfg = Debug|Any CPU
		{6A6152B8-9F55-42CE-8EFA-3E3C6CA41AE7}.Debug|Any CPU.Build.0 = Debug|Any CPU
		{6A6152B8-9F55-42CE-8EFA-3E3C6CA41AE7}.Release|Any CPU.ActiveCfg = Release|Any CPU
		{6A6152B8-9F55-42CE-8EFA-3E3C6CA41AE7}.Release|Any CPU.Build.0 = Release|Any CPU
	EndGlobalSection
	GlobalSection(SolutionProperties) = preSolution
		HideSolutionNode = FALSE
	EndGlobalSection
	GlobalSection(ExtensibilityGlobals) = postSolution
		SolutionGuid = {8195C74F-FBB7-427F-8B0C-86B057C80258}
	EndGlobalSection
EndGlobal
